{
  "name": "lotto_nums",
  "lockfileVersion": 2,
  "requires": true,
  "packages": {
    "": {
      "dependencies": {
        "@types/node": "^14.14.22"
      }
    },
    "node_modules/@types/node": {
      "version": "14.14.22",
      "resolved": "https://registry.npmjs.org/@types/node/-/node-14.14.22.tgz",
      "integrity": "sha512-g+f/qj/cNcqKkc3tFqlXOYjrmZA+jNBiDzbP3kH+B+otKFqAdPgVTGP1IeKRdMml/aE69as5S4FqtxAbl+LaMw=="
    }
  },
  "dependencies": {
    "@types/node": {
      "version": "14.14.22",
      "resolved": "https://registry.npmjs.org/@types/node/-/node-14.14.22.tgz",
      "integrity": "sha512-g+f/qj/cNcqKkc3tFqlXOYjrmZA+jNBiDzbP3kH+B+otKFqAdPgVTGP1IeKRdMml/aE69as5S4FqtxAbl+LaMw=="
    }
  }
}
